
Microsoft Visual Studio Solution File, Format Version 12.00
# Visual Studio Version 17
VisualStudioVersion = 17.9.34607.119
MinimumVisualStudioVersion = 10.0.40219.1
Project("{9A19103F-16F7-4668-BE54-9A1E7A4F7556}") = "Notas1", "Notas1\Notas1.csproj", "{B51F836F-1683-4B1D-8440-771704D8CE70}"
EndProject
Project("{9A19103F-16F7-4668-BE54-9A1E7A4F7556}") = "CalculadoraGPA", "CalculadoraGPA\CalculadoraGPA.csproj", "{8C6877A8-F46F-4F14-9012-76EF0FBFC6AC}"
EndProject
Project("{9A19103F-16F7-4668-BE54-9A1E7A4F7556}") = "AreaDoCirculo", "Teste\AreaDoCirculo.csproj", "{87FCE351-082A-4134-A891-62DED0B4D540}"
EndProject
Project("{9A19103F-16F7-4668-BE54-9A1E7A4F7556}") = "SomaSimples", "SomaSimples\SomaSimples.csproj", "{AF357286-F788-44A4-856B-892E1B7C1BA3}"
EndProject
Project("{9A19103F-16F7-4668-BE54-9A1E7A4F7556}") = "Média1", "Média1\Média1.csproj", "{9C3DA421-7B1C-4A65-BD36-75EA34DED5E5}"
EndProject
Project("{9A19103F-16F7-4668-BE54-9A1E7A4F7556}") = "Diferenca", "Diferenca\Diferenca.csproj", "{BE051045-862C-4DD1-8A58-39A3315DFE49}"
EndProject
Project("{9A19103F-16F7-4668-BE54-9A1E7A4F7556}") = "Salario", "Salario\Salario.csproj", "{4D4890E4-6AAB-46FE-8934-FA0A8680BFD2}"
EndProject
Project("{9A19103F-16F7-4668-BE54-9A1E7A4F7556}") = "SalarioComBonus", "SalarioComBonus\SalarioComBonus.csproj", "{717C7B19-79D4-4A1E-956B-FBE9F074C0D2}"
EndProject
Project("{9A19103F-16F7-4668-BE54-9A1E7A4F7556}") = "CalculoSimples", "CalculoSimples\CalculoSimples.csproj", "{AA583E93-A4CA-4314-8B9A-BBD22318198C}"
EndProject
Project("{9A19103F-16F7-4668-BE54-9A1E7A4F7556}") = "Esfera", "Esfera\Esfera.csproj", "{2FCA69B5-77E1-45F5-A377-353843C4AFA7}"
EndProject
Project("{9A19103F-16F7-4668-BE54-9A1E7A4F7556}") = "Área", "ConsoleApp1\Área.csproj", "{482E2CE4-A6D2-40A4-A02F-566F722FA351}"
EndProject
Project("{9A19103F-16F7-4668-BE54-9A1E7A4F7556}") = "MaiordeTresValores", "MaiordeTresValores\MaiordeTresValores.csproj", "{B878C8DF-480E-4E38-A606-255B50F62457}"
EndProject
Project("{9A19103F-16F7-4668-BE54-9A1E7A4F7556}") = "ConsumoCarro", "ConsumoCarro\ConsumoCarro.csproj", "{C1951C21-53E9-409A-B5C4-694C130425FA}"
EndProject
Project("{9A19103F-16F7-4668-BE54-9A1E7A4F7556}") = "DistanciaEntreDoisPontos", "DistanciaEntreDoisPontos\DistanciaEntreDoisPontos.csproj", "{732494DB-366E-4F5B-9A8C-CF022C008033}"
EndProject
Project("{FAE04EC0-301F-11D3-BF4B-00C04F79EFBC}") = "Distancia", "Distancia\Distancia.csproj", "{553C487D-79CE-47F3-95BF-90ED8A199E2D}"
EndProject
Project("{FAE04EC0-301F-11D3-BF4B-00C04F79EFBC}") = "GastoCombustivel", "GastoCombustivel\GastoCombustivel.csproj", "{73D9E470-0767-41DC-B454-A75D6DE3C4D8}"
EndProject
Global
	GlobalSection(SolutionConfigurationPlatforms) = preSolution
		Debug|Any CPU = Debug|Any CPU
		Release|Any CPU = Release|Any CPU
	EndGlobalSection
	GlobalSection(ProjectConfigurationPlatforms) = postSolution
		{B51F836F-1683-4B1D-8440-771704D8CE70}.Debug|Any CPU.ActiveCfg = Debug|Any CPU
		{B51F836F-1683-4B1D-8440-771704D8CE70}.Debug|Any CPU.Build.0 = Debug|Any CPU
		{B51F836F-1683-4B1D-8440-771704D8CE70}.Release|Any CPU.ActiveCfg = Release|Any CPU
		{B51F836F-1683-4B1D-8440-771704D8CE70}.Release|Any CPU.Build.0 = Release|Any CPU
		{8C6877A8-F46F-4F14-9012-76EF0FBFC6AC}.Debug|Any CPU.ActiveCfg = Debug|Any CPU
		{8C6877A8-F46F-4F14-9012-76EF0FBFC6AC}.Debug|Any CPU.Build.0 = Debug|Any CPU
		{8C6877A8-F46F-4F14-9012-76EF0FBFC6AC}.Release|Any CPU.ActiveCfg = Release|Any CPU
		{8C6877A8-F46F-4F14-9012-76EF0FBFC6AC}.Release|Any CPU.Build.0 = Release|Any CPU
		{87FCE351-082A-4134-A891-62DED0B4D540}.Debug|Any CPU.ActiveCfg = Debug|Any CPU
		{87FCE351-082A-4134-A891-62DED0B4D540}.Debug|Any CPU.Build.0 = Debug|Any CPU
		{87FCE351-082A-4134-A891-62DED0B4D540}.Release|Any CPU.ActiveCfg = Release|Any CPU
		{87FCE351-082A-4134-A891-62DED0B4D540}.Release|Any CPU.Build.0 = Release|Any CPU
		{AF357286-F788-44A4-856B-892E1B7C1BA3}.Debug|Any CPU.ActiveCfg = Debug|Any CPU
		{AF357286-F788-44A4-856B-892E1B7C1BA3}.Debug|Any CPU.Build.0 = Debug|Any CPU
		{AF357286-F788-44A4-856B-892E1B7C1BA3}.Release|Any CPU.ActiveCfg = Release|Any CPU
		{AF357286-F788-44A4-856B-892E1B7C1BA3}.Release|Any CPU.Build.0 = Release|Any CPU
		{9C3DA421-7B1C-4A65-BD36-75EA34DED5E5}.Debug|Any CPU.ActiveCfg = Debug|Any CPU
		{9C3DA421-7B1C-4A65-BD36-75EA34DED5E5}.Debug|Any CPU.Build.0 = Debug|Any CPU
		{9C3DA421-7B1C-4A65-BD36-75EA34DED5E5}.Release|Any CPU.ActiveCfg = Release|Any CPU
		{9C3DA421-7B1C-4A65-BD36-75EA34DED5E5}.Release|Any CPU.Build.0 = Release|Any CPU
		{BE051045-862C-4DD1-8A58-39A3315DFE49}.Debug|Any CPU.ActiveCfg = Debug|Any CPU
		{BE051045-862C-4DD1-8A58-39A3315DFE49}.Debug|Any CPU.Build.0 = Debug|Any CPU
		{BE051045-862C-4DD1-8A58-39A3315DFE49}.Release|Any CPU.ActiveCfg = Release|Any CPU
		{BE051045-862C-4DD1-8A58-39A3315DFE49}.Release|Any CPU.Build.0 = Release|Any CPU
		{4D4890E4-6AAB-46FE-8934-FA0A8680BFD2}.Debug|Any CPU.ActiveCfg = Debug|Any CPU
		{4D4890E4-6AAB-46FE-8934-FA0A8680BFD2}.Debug|Any CPU.Build.0 = Debug|Any CPU
		{4D4890E4-6AAB-46FE-8934-FA0A8680BFD2}.Release|Any CPU.ActiveCfg = Release|Any CPU
		{4D4890E4-6AAB-46FE-8934-FA0A8680BFD2}.Release|Any CPU.Build.0 = Release|Any CPU
		{717C7B19-79D4-4A1E-956B-FBE9F074C0D2}.Debug|Any CPU.ActiveCfg = Debug|Any CPU
		{717C7B19-79D4-4A1E-956B-FBE9F074C0D2}.Debug|Any CPU.Build.0 = Debug|Any CPU
		{717C7B19-79D4-4A1E-956B-FBE9F074C0D2}.Release|Any CPU.ActiveCfg = Release|Any CPU
		{717C7B19-79D4-4A1E-956B-FBE9F074C0D2}.Release|Any CPU.Build.0 = Release|Any CPU
		{AA583E93-A4CA-4314-8B9A-BBD22318198C}.Debug|Any CPU.ActiveCfg = Debug|Any CPU
		{AA583E93-A4CA-4314-8B9A-BBD22318198C}.Debug|Any CPU.Build.0 = Debug|Any CPU
		{AA583E93-A4CA-4314-8B9A-BBD22318198C}.Release|Any CPU.ActiveCfg = Release|Any CPU
		{AA583E93-A4CA-4314-8B9A-BBD22318198C}.Release|Any CPU.Build.0 = Release|Any CPU
		{2FCA69B5-77E1-45F5-A377-353843C4AFA7}.Debug|Any CPU.ActiveCfg = Debug|Any CPU
		{2FCA69B5-77E1-45F5-A377-353843C4AFA7}.Debug|Any CPU.Build.0 = Debug|Any CPU
		{2FCA69B5-77E1-45F5-A377-353843C4AFA7}.Release|Any CPU.ActiveCfg = Release|Any CPU
		{2FCA69B5-77E1-45F5-A377-353843C4AFA7}.Release|Any CPU.Build.0 = Release|Any CPU
		{482E2CE4-A6D2-40A4-A02F-566F722FA351}.Debug|Any CPU.ActiveCfg = Debug|Any CPU
		{482E2CE4-A6D2-40A4-A02F-566F722FA351}.Debug|Any CPU.Build.0 = Debug|Any CPU
		{482E2CE4-A6D2-40A4-A02F-566F722FA351}.Release|Any CPU.ActiveCfg = Release|Any CPU
		{482E2CE4-A6D2-40A4-A02F-566F722FA351}.Release|Any CPU.Build.0 = Release|Any CPU
		{B878C8DF-480E-4E38-A606-255B50F62457}.Debug|Any CPU.ActiveCfg = Debug|Any CPU
		{B878C8DF-480E-4E38-A606-255B50F62457}.Debug|Any CPU.Build.0 = Debug|Any CPU
		{B878C8DF-480E-4E38-A606-255B50F62457}.Release|Any CPU.ActiveCfg = Release|Any CPU
		{B878C8DF-480E-4E38-A606-255B50F62457}.Release|Any CPU.Build.0 = Release|Any CPU
		{C1951C21-53E9-409A-B5C4-694C130425FA}.Debug|Any CPU.ActiveCfg = Debug|Any CPU
		{C1951C21-53E9-409A-B5C4-694C130425FA}.Debug|Any CPU.Build.0 = Debug|Any CPU
		{C1951C21-53E9-409A-B5C4-694C130425FA}.Release|Any CPU.ActiveCfg = Release|Any CPU
		{C1951C21-53E9-409A-B5C4-694C130425FA}.Release|Any CPU.Build.0 = Release|Any CPU
		{732494DB-366E-4F5B-9A8C-CF022C008033}.Debug|Any CPU.ActiveCfg = Debug|Any CPU
		{732494DB-366E-4F5B-9A8C-CF022C008033}.Debug|Any CPU.Build.0 = Debug|Any CPU
		{732494DB-366E-4F5B-9A8C-CF022C008033}.Release|Any CPU.ActiveCfg = Release|Any CPU
		{732494DB-366E-4F5B-9A8C-CF022C008033}.Release|Any CPU.Build.0 = Release|Any CPU
		{553C487D-79CE-47F3-95BF-90ED8A199E2D}.Debug|Any CPU.ActiveCfg = Debug|Any CPU
		{553C487D-79CE-47F3-95BF-90ED8A199E2D}.Debug|Any CPU.Build.0 = Debug|Any CPU
		{553C487D-79CE-47F3-95BF-90ED8A199E2D}.Release|Any CPU.ActiveCfg = Release|Any CPU
		{553C487D-79CE-47F3-95BF-90ED8A199E2D}.Release|Any CPU.Build.0 = Release|Any CPU
		{73D9E470-0767-41DC-B454-A75D6DE3C4D8}.Debug|Any CPU.ActiveCfg = Debug|Any CPU
		{73D9E470-0767-41DC-B454-A75D6DE3C4D8}.Debug|Any CPU.Build.0 = Debug|Any CPU
		{73D9E470-0767-41DC-B454-A75D6DE3C4D8}.Release|Any CPU.ActiveCfg = Release|Any CPU
		{73D9E470-0767-41DC-B454-A75D6DE3C4D8}.Release|Any CPU.Build.0 = Release|Any CPU
	EndGlobalSection
	GlobalSection(SolutionProperties) = preSolution
		HideSolutionNode = FALSE
	EndGlobalSection
	GlobalSection(ExtensibilityGlobals) = postSolution
		SolutionGuid = {E6BCB2F1-AFD1-41A6-B9CE-27AE72B841FE}
	EndGlobalSection
EndGlobal
